
Microsoft Visual Studio Solution File, Format Version 12.00
# Visual Studio Version 16
VisualStudioVersion = 16.0.30717.126
MinimumVisualStudioVersion = 10.0.40219.1
Project("{FAE04EC0-301F-11D3-BF4B-00C04F79EFBC}") = "MultivendorWebViewer", "MultivendorWebViewer.csproj", "{92A88D8B-ACD0-4E1A-B0FF-1A82C8B7BF47}"
EndProject
Project("{FAE04EC0-301F-11D3-BF4B-00C04F79EFBC}") = "Model", "Projects\Model\Model.csproj", "{EBCF94F0-A2D7-4449-9DD5-F9236CD9B761}"
EndProject
Global
	GlobalSection(SolutionConfigurationPlatforms) = preSolution
		Debug|Any CPU = Debug|Any CPU
		Debug|x64 = Debug|x64
		Debug|x86 = Debug|x86
		Release|Any CPU = Release|Any CPU
		Release|x64 = Release|x64
		Release|x86 = Release|x86
	EndGlobalSection
	GlobalSection(ProjectConfigurationPlatforms) = postSolution
		{92A88D8B-ACD0-4E1A-B0FF-1A82C8B7BF47}.Debug|Any CPU.ActiveCfg = Debug|Any CPU
		{92A88D8B-ACD0-4E1A-B0FF-1A82C8B7BF47}.Debug|Any CPU.Build.0 = Debug|Any CPU
		{92A88D8B-ACD0-4E1A-B0FF-1A82C8B7BF47}.Debug|x64.ActiveCfg = Debug|Any CPU
		{92A88D8B-ACD0-4E1A-B0FF-1A82C8B7BF47}.Debug|x64.Build.0 = Debug|Any CPU
		{92A88D8B-ACD0-4E1A-B0FF-1A82C8B7BF47}.Debug|x86.ActiveCfg = Debug|Any CPU
		{92A88D8B-ACD0-4E1A-B0FF-1A82C8B7BF47}.Debug|x86.Build.0 = Debug|Any CPU
		{92A88D8B-ACD0-4E1A-B0FF-1A82C8B7BF47}.Release|Any CPU.ActiveCfg = Release|Any CPU
		{92A88D8B-ACD0-4E1A-B0FF-1A82C8B7BF47}.Release|Any CPU.Build.0 = Release|Any CPU
		{92A88D8B-ACD0-4E1A-B0FF-1A82C8B7BF47}.Release|x64.ActiveCfg = Release|Any CPU
		{92A88D8B-ACD0-4E1A-B0FF-1A82C8B7BF47}.Release|x64.Build.0 = Release|Any CPU
		{92A88D8B-ACD0-4E1A-B0FF-1A82C8B7BF47}.Release|x86.ActiveCfg = Release|Any CPU
		{92A88D8B-ACD0-4E1A-B0FF-1A82C8B7BF47}.Release|x86.Build.0 = Release|Any CPU
		{EBCF94F0-A2D7-4449-9DD5-F9236CD9B761}.Debug|Any CPU.ActiveCfg = Debug|Any CPU
		{EBCF94F0-A2D7-4449-9DD5-F9236CD9B761}.Debug|Any CPU.Build.0 = Debug|Any CPU
		{EBCF94F0-A2D7-4449-9DD5-F9236CD9B761}.Debug|x64.ActiveCfg = Debug|Any CPU
		{EBCF94F0-A2D7-4449-9DD5-F9236CD9B761}.Debug|x64.Build.0 = Debug|Any CPU
		{EBCF94F0-A2D7-4449-9DD5-F9236CD9B761}.Debug|x86.ActiveCfg = Debug|Any CPU
		{EBCF94F0-A2D7-4449-9DD5-F9236CD9B761}.Debug|x86.Build.0 = Debug|Any CPU
		{EBCF94F0-A2D7-4449-9DD5-F9236CD9B761}.Release|Any CPU.ActiveCfg = Release|Any CPU
		{EBCF94F0-A2D7-4449-9DD5-F9236CD9B761}.Release|Any CPU.Build.0 = Release|Any CPU
		{EBCF94F0-A2D7-4449-9DD5-F9236CD9B761}.Release|x64.ActiveCfg = Release|Any CPU
		{EBCF94F0-A2D7-4449-9DD5-F9236CD9B761}.Release|x64.Build.0 = Release|Any CPU
		{EBCF94F0-A2D7-4449-9DD5-F9236CD9B761}.Release|x86.ActiveCfg = Release|Any CPU
		{EBCF94F0-A2D7-4449-9DD5-F9236CD9B761}.Release|x86.Build.0 = Release|Any CPU
	EndGlobalSection
	GlobalSection(SolutionProperties) = preSolution
		HideSolutionNode = FALSE
	EndGlobalSection
	GlobalSection(ExtensibilityGlobals) = postSolution
		SolutionGuid = {18FB6557-2042-47D9-ABB4-93D88CEB650A}
	EndGlobalSection
EndGlobal
